{
	"name": "vscode-opencl-client",
	"version": "0.8.1",
	"lockfileVersion": 3,
	"requires": true,
	"packages": {
		"": {
			"name": "vscode-opencl-client",
			"version": "0.8.1",
			"license": "MIT",
			"dependencies": {
				"child-process-promise": "^2.2.1",
				"hoek": "^5.0.4",
				"querystringify": "^2.2.0",
				"tree-kill": "^1.2.2",
				"vscode-languageclient": "^8.1.0"
			},
			"devDependencies": {
				"@types/vscode": "^1.76.0"
			},
			"engines": {
				"vscode": "^1.76.0"
			}
		},
		"node_modules/@types/vscode": {
			"version": "1.76.0",
			"resolved": "https://registry.npmjs.org/@types/vscode/-/vscode-1.76.0.tgz",
			"integrity": "sha512-CQcY3+Fe5hNewHnOEAVYj4dd1do/QHliXaknAEYSXx2KEHUzFibDZSKptCon+HPgK55xx20pR+PBJjf0MomnBA==",
			"dev": true
		},
		"node_modules/balanced-match": {
			"version": "1.0.2",
			"resolved": "https://registry.npmjs.org/balanced-match/-/balanced-match-1.0.2.tgz",
			"integrity": "sha512-3oSeUO0TMV67hN1AmbXsK4yaqU7tjiHlbxRDZOpH0KW9+CeX4bRAaX0Anxt0tx2MrpRpWwQaPwIlISEJhYU5Pw=="
		},
		"node_modules/brace-expansion": {
			"version": "2.0.1",
			"resolved": "https://registry.npmjs.org/brace-expansion/-/brace-expansion-2.0.1.tgz",
			"integrity": "sha512-XnAIvQ8eM+kC6aULx6wuQiwVsnzsi9d3WxzV3FpWTGA19F621kwdbsAcFKXgKUHZWsy+mY6iL1sHTxWEFCytDA==",
			"dependencies": {
				"balanced-match": "^1.0.0"
			}
		},
		"node_modules/child-process-promise": {
			"version": "2.2.1",
			"resolved": "https://registry.npmjs.org/child-process-promise/-/child-process-promise-2.2.1.tgz",
			"integrity": "sha512-Fi4aNdqBsr0mv+jgWxcZ/7rAIC2mgihrptyVI4foh/rrjY/3BNjfP9+oaiFx/fzim+1ZyCNBae0DlyfQhSugog==",
			"dependencies": {
				"cross-spawn": "^4.0.2",
				"node-version": "^1.0.0",
				"promise-polyfill": "^6.0.1"
			}
		},
		"node_modules/cross-spawn": {
			"version": "4.0.2",
			"resolved": "https://registry.npmjs.org/cross-spawn/-/cross-spawn-4.0.2.tgz",
			"integrity": "sha512-yAXz/pA1tD8Gtg2S98Ekf/sewp3Lcp3YoFKJ4Hkp5h5yLWnKVTDU0kwjKJ8NDCYcfTLfyGkzTikst+jWypT1iA==",
			"dependencies": {
				"lru-cache": "^4.0.1",
				"which": "^1.2.9"
			}
		},
		"node_modules/hoek": {
			"version": "5.0.4",
			"resolved": "https://registry.npmjs.org/hoek/-/hoek-5.0.4.tgz",
			"integrity": "sha512-Alr4ZQgoMlnere5FZJsIyfIjORBqZll5POhDsF4q64dPuJR6rNxXdDxtHSQq8OXRurhmx+PWYEE8bXRROY8h0w==",
			"deprecated": "This version has been deprecated in accordance with the hapi support policy (hapi.im/support). Please upgrade to the latest version to get the best features, bug fixes, and security patches. If you are unable to upgrade at this time, paid support is available for older versions (hapi.im/commercial).",
			"engines": {
				"node": ">=8.9.0"
			}
		},
		"node_modules/isexe": {
			"version": "2.0.0",
			"resolved": "https://registry.npmjs.org/isexe/-/isexe-2.0.0.tgz",
			"integrity": "sha512-RHxMLp9lnKHGHRng9QFhRCMbYAcVpn69smSGcq3f36xjgVVWThj4qqLbTLlq7Ssj8B+fIQ1EuCEGI2lKsyQeIw=="
		},
		"node_modules/lru-cache": {
			"version": "4.1.5",
			"resolved": "https://registry.npmjs.org/lru-cache/-/lru-cache-4.1.5.tgz",
			"integrity": "sha512-sWZlbEP2OsHNkXrMl5GYk/jKk70MBng6UU4YI/qGDYbgf6YbP4EvmqISbXCoJiRKs+1bSpFHVgQxvJ17F2li5g==",
			"dependencies": {
				"pseudomap": "^1.0.2",
				"yallist": "^2.1.2"
			}
		},
		"node_modules/minimatch": {
			"version": "5.1.6",
			"resolved": "https://registry.npmjs.org/minimatch/-/minimatch-5.1.6.tgz",
			"integrity": "sha512-lKwV/1brpG6mBUFHtb7NUmtABCb2WZZmm2wNiOA5hAb8VdCS4B3dtMWyvcoViccwAW/COERjXLt0zP1zXUN26g==",
			"dependencies": {
				"brace-expansion": "^2.0.1"
			},
			"engines": {
				"node": ">=10"
			}
		},
		"node_modules/node-version": {
			"version": "1.2.0",
			"resolved": "https://registry.npmjs.org/node-version/-/node-version-1.2.0.tgz",
			"integrity": "sha512-ma6oU4Sk0qOoKEAymVoTvk8EdXEobdS7m/mAGhDJ8Rouugho48crHBORAmy5BoOcv8wraPM6xumapQp5hl4iIQ==",
			"engines": {
				"node": ">=6.0.0"
			}
		},
		"node_modules/promise-polyfill": {
			"version": "6.1.0",
			"resolved": "https://registry.npmjs.org/promise-polyfill/-/promise-polyfill-6.1.0.tgz",
			"integrity": "sha512-g0LWaH0gFsxovsU7R5LrrhHhWAWiHRnh1GPrhXnPgYsDkIqjRYUYSZEsej/wtleDrz5xVSIDbeKfidztp2XHFQ=="
		},
		"node_modules/pseudomap": {
			"version": "1.0.2",
			"resolved": "https://registry.npmjs.org/pseudomap/-/pseudomap-1.0.2.tgz",
			"integrity": "sha512-b/YwNhb8lk1Zz2+bXXpS/LK9OisiZZ1SNsSLxN1x2OXVEhW2Ckr/7mWE5vrC1ZTiJlD9g19jWszTmJsB+oEpFQ=="
		},
		"node_modules/querystringify": {
			"version": "2.2.0",
			"resolved": "https://registry.npmjs.org/querystringify/-/querystringify-2.2.0.tgz",
			"integrity": "sha512-FIqgj2EUvTa7R50u0rGsyTftzjYmv/a3hO345bZNrqabNqjtgiDMgmo4mkUjd+nzU5oF3dClKqFIPUKybUyqoQ=="
		},
		"node_modules/semver": {
			"version": "7.3.8",
			"resolved": "https://registry.npmjs.org/semver/-/semver-7.3.8.tgz",
			"integrity": "sha512-NB1ctGL5rlHrPJtFDVIVzTyQylMLu9N9VICA6HSFJo8MCGVTMW6gfpicwKmmK/dAjTOrqu5l63JJOpDSrAis3A==",
			"dependencies": {
				"lru-cache": "^6.0.0"
			},
			"bin": {
				"semver": "bin/semver.js"
			},
			"engines": {
				"node": ">=10"
			}
		},
		"node_modules/semver/node_modules/lru-cache": {
			"version": "6.0.0",
			"resolved": "https://registry.npmjs.org/lru-cache/-/lru-cache-6.0.0.tgz",
			"integrity": "sha512-Jo6dJ04CmSjuznwJSS3pUeWmd/H0ffTlkXXgwZi+eq1UCmqQwCh+eLsYOYCwY991i2Fah4h1BEMCx4qThGbsiA==",
			"dependencies": {
				"yallist": "^4.0.0"
			},
			"engines": {
				"node": ">=10"
			}
		},
		"node_modules/semver/node_modules/yallist": {
			"version": "4.0.0",
			"resolved": "https://registry.npmjs.org/yallist/-/yallist-4.0.0.tgz",
			"integrity": "sha512-3wdGidZyq5PB084XLES5TpOSRA3wjXAlIWMhum2kRcv/41Sn2emQ0dycQW4uZXLejwKvg6EsvbdlVL+FYEct7A=="
		},
		"node_modules/tree-kill": {
			"version": "1.2.2",
			"resolved": "https://registry.npmjs.org/tree-kill/-/tree-kill-1.2.2.tgz",
			"integrity": "sha512-L0Orpi8qGpRG//Nd+H90vFB+3iHnue1zSSGmNOOCh1GLJ7rUKVwV2HvijphGQS2UmhUZewS9VgvxYIdgr+fG1A==",
			"bin": {
				"tree-kill": "cli.js"
			}
		},
		"node_modules/vscode-jsonrpc": {
			"version": "8.1.0",
			"resolved": "https://registry.npmjs.org/vscode-jsonrpc/-/vscode-jsonrpc-8.1.0.tgz",
			"integrity": "sha512-6TDy/abTQk+zDGYazgbIPc+4JoXdwC8NHU9Pbn4UJP1fehUyZmM4RHp5IthX7A6L5KS30PRui+j+tbbMMMafdw==",
			"engines": {
				"node": ">=14.0.0"
			}
		},
		"node_modules/vscode-languageclient": {
			"version": "8.1.0",
			"resolved": "https://registry.npmjs.org/vscode-languageclient/-/vscode-languageclient-8.1.0.tgz",
			"integrity": "sha512-GL4QdbYUF/XxQlAsvYWZRV3V34kOkpRlvV60/72ghHfsYFnS/v2MANZ9P6sHmxFcZKOse8O+L9G7Czg0NUWing==",
			"dependencies": {
				"minimatch": "^5.1.0",
				"semver": "^7.3.7",
				"vscode-languageserver-protocol": "3.17.3"
			},
			"engines": {
				"vscode": "^1.67.0"
			}
		},
		"node_modules/vscode-languageserver-protocol": {
			"version": "3.17.3",
			"resolved": "https://registry.npmjs.org/vscode-languageserver-protocol/-/vscode-languageserver-protocol-3.17.3.tgz",
			"integrity": "sha512-924/h0AqsMtA5yK22GgMtCYiMdCOtWTSGgUOkgEDX+wk2b0x4sAfLiO4NxBxqbiVtz7K7/1/RgVrVI0NClZwqA==",
			"dependencies": {
				"vscode-jsonrpc": "8.1.0",
				"vscode-languageserver-types": "3.17.3"
			}
		},
		"node_modules/vscode-languageserver-types": {
			"version": "3.17.3",
			"resolved": "https://registry.npmjs.org/vscode-languageserver-types/-/vscode-languageserver-types-3.17.3.tgz",
			"integrity": "sha512-SYU4z1dL0PyIMd4Vj8YOqFvHu7Hz/enbWtpfnVbJHU4Nd1YNYx8u0ennumc6h48GQNeOLxmwySmnADouT/AuZA=="
		},
		"node_modules/which": {
			"version": "1.3.1",
			"resolved": "https://registry.npmjs.org/which/-/which-1.3.1.tgz",
			"integrity": "sha512-HxJdYWq1MTIQbJ3nw0cqssHoTNU267KlrDuGZ1WYlxDStUtKUhOaJmh112/TZmHxxUfuJqPXSOm7tDyas0OSIQ==",
			"dependencies": {
				"isexe": "^2.0.0"
			},
			"bin": {
				"which": "bin/which"
			}
		},
		"node_modules/yallist": {
			"version": "2.1.2",
			"resolved": "https://registry.npmjs.org/yallist/-/yallist-2.1.2.tgz",
			"integrity": "sha512-ncTzHV7NvsQZkYe1DW7cbDLm0YpzHmZF5r/iyP3ZnQtMiJ+pjzisCiMNI+Sj+xQF5pXhSHxSB3uDbsBTzY/c2A=="
		}
	}
}
